lockVersion: 2.0.0
id: 6e826e33-ae61-4b56-8740-6ce7a9c28f54
management:
  docChecksum: b51eccce0aa90491fdcc1ed09d7f22e2
  docVersion: 1.0.0
  speakeasyVersion: internal
  generationVersion: 2.225.2
  releaseVersion: 0.2.0
  configChecksum: 389d6e018832d6dfa92fe615a1275d8e
  repoURL: https://github.com/speakeasy-sdks/oaf-csharp.git
  repoSubDirectory: .
  published: true
features:
  csharp:
    core: 3.3.0
    globalServerURLs: 2.82.2
generatedFiles:
  - OAFComplex/Receiver.cs
  - OAFComplex/Sender.cs
  - OAFComplex/OAFComplexSDK.cs
  - OAFComplex/Utils/BigIntSerializer.cs
  - OAFComplex/Utils/DecimalSerializer.cs
  - OAFComplex/Utils/EnumSerializer.cs
  - OAFComplex/Utils/FlexibleObjectDeserializer.cs
  - OAFComplex/Utils/HeaderSerializer.cs
  - OAFComplex/Utils/IsoDateTimeSerializer.cs
  - OAFComplex/Utils/RequestBodySerializer.cs
  - OAFComplex/Utils/SecuritySerializer.cs
  - OAFComplex/Utils/SpeakeasyHttpClient.cs
  - OAFComplex/Utils/SpeakeasyMetadata.cs
  - OAFComplex/Utils/URLBuilder.cs
  - OAFComplex/Utils/Utilities.cs
  - OAFComplex/OAFComplex.csproj
  - OAFComplex.sln
  - OAFComplex/Models/Operations/MixedModelRequest.cs
  - OAFComplex/Models/Operations/MixedModelResponse.cs
  - OAFComplex/Models/Operations/MixedParamRequest.cs
  - OAFComplex/Models/Operations/MixedParamResponse.cs
  - OAFComplex/Models/Operations/NonScalarModelRequest.cs
  - OAFComplex/Models/Operations/NonScalarModelResponse.cs
  - OAFComplex/Models/Operations/NonScalarParamRequest.cs
  - OAFComplex/Models/Operations/NonScalarParamResponse.cs
  - OAFComplex/Models/Operations/ScalarModelRequest.cs
  - OAFComplex/Models/Operations/ScalarModelResponse.cs
  - OAFComplex/Models/Operations/ScalarParamRequest.cs
  - OAFComplex/Models/Operations/ScalarParamResponse.cs
  - OAFComplex/Models/Operations/SendCollectCombinedResponse.cs
  - OAFComplex/Models/Operations/SendCombinedResponse.cs
  - OAFComplex/Models/Operations/SendMixedParamResponse.cs
  - OAFComplex/Models/Operations/SendNonScalarParamResponse.cs
  - OAFComplex/Models/Operations/SendScalarParamResponse.cs
  - OAFComplex/Models/Operations/SendinModelResponse.cs
  - OAFComplex/Models/Shared/MixedModel.cs
  - OAFComplex/Models/Shared/Car.cs
  - OAFComplex/Models/Shared/CaseEnum.cs
  - OAFComplex/Models/Shared/NonScalarModel.cs
  - OAFComplex/Models/Shared/ScalarModel.cs
  - OAFComplex/Models/Shared/Input.cs
  - OAFComplex/Models/Shared/ServerResponse.cs
  - OAFComplex/Models/Shared/SendCollectCombinedRequestBody.cs
  - OAFComplex/Models/Shared/SendCombinedRequestBody.cs
  - OAFComplex/Models/Shared/SendinModelRequestBody.cs
  - docs/Models/Operations/MixedModelRequest.md
  - docs/Models/Operations/MixedModelResponse.md
  - docs/Models/Operations/MixedParamRequest.md
  - docs/Models/Operations/MixedParamResponse.md
  - docs/Models/Operations/NonScalarModelRequest.md
  - docs/Models/Operations/NonScalarModelResponse.md
  - docs/Models/Operations/NonScalarParamRequest.md
  - docs/Models/Operations/NonScalarParamResponse.md
  - docs/Models/Operations/ScalarModelRequest.md
  - docs/Models/Operations/ScalarModelResponse.md
  - docs/Models/Operations/ScalarParamRequest.md
  - docs/Models/Operations/ScalarParamResponse.md
  - docs/Models/Operations/SendCollectCombinedResponse.md
  - docs/Models/Operations/SendCombinedResponse.md
  - docs/Models/Operations/SendMixedParamResponse.md
  - docs/Models/Operations/SendNonScalarParamResponse.md
  - docs/Models/Operations/SendScalarParamResponse.md
  - docs/Models/Operations/SendinModelResponse.md
  - docs/Models/Shared/MixedModel.md
  - docs/Models/Shared/Car.md
  - docs/Models/Shared/CaseEnum.md
  - docs/Models/Shared/NonScalarModel.md
  - docs/Models/Shared/ScalarModel.md
  - docs/Models/Shared/Input.md
  - docs/Models/Shared/ServerResponse.md
  - docs/Models/Shared/SendCollectCombinedRequestBody.md
  - docs/Models/Shared/SendCombinedRequestBody.md
  - docs/Models/Shared/SendinModelRequestBody.md
  - docs/sdks/oafcomplex/README.md
  - docs/sdks/receiver/README.md
  - docs/sdks/sender/README.md
  - USAGE.md
  - .gitattributes
